
Microsoft Visual Studio Solution File, Format Version 12.00
# Visual Studio Version 16
VisualStudioVersion = 16.0.29728.190
MinimumVisualStudioVersion = 10.0.40219.1
Project("{FAE04EC0-301F-11D3-BF4B-00C04F79EFBC}") = "assignment3", "assignment3\assignment3.csproj", "{57CA4A28-C0D0-43FE-AE05-FD3F728ECD95}"
EndProject
Global
	GlobalSection(SolutionConfigurationPlatforms) = preSolution
		Debug|Any CPU = Debug|Any CPU
		Release|Any CPU = Release|Any CPU
	EndGlobalSection
	GlobalSection(ProjectConfigurationPlatforms) = postSolution
		{57CA4A28-C0D0-43FE-AE05-FD3F728ECD95}.Debug|Any CPU.ActiveCfg = Debug|Any CPU
		{57CA4A28-C0D0-43FE-AE05-FD3F728ECD95}.Debug|Any CPU.Build.0 = Debug|Any CPU
		{57CA4A28-C0D0-43FE-AE05-FD3F728ECD95}.Release|Any CPU.ActiveCfg = Release|Any CPU
		{57CA4A28-C0D0-43FE-AE05-FD3F728ECD95}.Release|Any CPU.Build.0 = Release|Any CPU
	EndGlobalSection
	GlobalSection(SolutionProperties) = preSolution
		HideSolutionNode = FALSE
	EndGlobalSection
	GlobalSection(ExtensibilityGlobals) = postSolution
		SolutionGuid = {E0E12C68-B8F9-444F-8E1B-6F864995A12E}
	EndGlobalSection
EndGlobal
